
Microsoft Visual Studio Solution File, Format Version 12.00
# Visual Studio Version 17
VisualStudioVersion = 17.12.35707.178
MinimumVisualStudioVersion = 10.0.40219.1
Project("{FAE04EC0-301F-11D3-BF4B-00C04F79EFBC}") = "RangeTask", "RangeTask\RangeTask.csproj", "{A2D31E6E-C9FA-4855-9160-8D301C1F999F}"
EndProject
Project("{FAE04EC0-301F-11D3-BF4B-00C04F79EFBC}") = "ShapesTask", "ShapesTask\ShapesTask.csproj", "{768A2EE3-F323-4938-BF0B-41E0155334DA}"
EndProject
Project("{FAE04EC0-301F-11D3-BF4B-00C04F79EFBC}") = "MatrixTask", "MatrixTask\MatrixTask.csproj", "{F39137BA-AF92-4446-9B6A-DCC9FF7C0D7D}"
EndProject
Project("{FAE04EC0-301F-11D3-BF4B-00C04F79EFBC}") = "VectorTask", "VectorTask\VectorTask.csproj", "{D21BEDF4-12BA-4652-9F94-CB493EFF6C65}"
EndProject
Project("{FAE04EC0-301F-11D3-BF4B-00C04F79EFBC}") = "ListTask", "ListTask\ListTask.csproj", "{8C4B69D2-A971-49D5-9D85-1C330EB55FA7}"
EndProject
Project("{FAE04EC0-301F-11D3-BF4B-00C04F79EFBC}") = "ArrayListHomeTask", "ArrayListHomeTask\ArrayListHomeTask.csproj", "{E279C9E9-665C-4D5F-948E-4280255B1743}"
EndProject
Project("{FAE04EC0-301F-11D3-BF4B-00C04F79EFBC}") = "ArrayListTask", "ArrayListTask\ArrayListTask.csproj", "{2F9B5F81-D26A-4060-A147-DC7C31A273F0}"
EndProject
Global
	GlobalSection(SolutionConfigurationPlatforms) = preSolution
		Debug|Any CPU = Debug|Any CPU
		Release|Any CPU = Release|Any CPU
	EndGlobalSection
	GlobalSection(ProjectConfigurationPlatforms) = postSolution
		{A2D31E6E-C9FA-4855-9160-8D301C1F999F}.Debug|Any CPU.ActiveCfg = Debug|Any CPU
		{A2D31E6E-C9FA-4855-9160-8D301C1F999F}.Debug|Any CPU.Build.0 = Debug|Any CPU
		{A2D31E6E-C9FA-4855-9160-8D301C1F999F}.Release|Any CPU.ActiveCfg = Release|Any CPU
		{A2D31E6E-C9FA-4855-9160-8D301C1F999F}.Release|Any CPU.Build.0 = Release|Any CPU
		{768A2EE3-F323-4938-BF0B-41E0155334DA}.Debug|Any CPU.ActiveCfg = Debug|Any CPU
		{768A2EE3-F323-4938-BF0B-41E0155334DA}.Debug|Any CPU.Build.0 = Debug|Any CPU
		{768A2EE3-F323-4938-BF0B-41E0155334DA}.Release|Any CPU.ActiveCfg = Release|Any CPU
		{768A2EE3-F323-4938-BF0B-41E0155334DA}.Release|Any CPU.Build.0 = Release|Any CPU
		{F39137BA-AF92-4446-9B6A-DCC9FF7C0D7D}.Debug|Any CPU.ActiveCfg = Debug|Any CPU
		{F39137BA-AF92-4446-9B6A-DCC9FF7C0D7D}.Debug|Any CPU.Build.0 = Debug|Any CPU
		{F39137BA-AF92-4446-9B6A-DCC9FF7C0D7D}.Release|Any CPU.ActiveCfg = Release|Any CPU
		{F39137BA-AF92-4446-9B6A-DCC9FF7C0D7D}.Release|Any CPU.Build.0 = Release|Any CPU
		{D21BEDF4-12BA-4652-9F94-CB493EFF6C65}.Debug|Any CPU.ActiveCfg = Debug|Any CPU
		{D21BEDF4-12BA-4652-9F94-CB493EFF6C65}.Debug|Any CPU.Build.0 = Debug|Any CPU
		{D21BEDF4-12BA-4652-9F94-CB493EFF6C65}.Release|Any CPU.ActiveCfg = Release|Any CPU
		{D21BEDF4-12BA-4652-9F94-CB493EFF6C65}.Release|Any CPU.Build.0 = Release|Any CPU
		{8C4B69D2-A971-49D5-9D85-1C330EB55FA7}.Debug|Any CPU.ActiveCfg = Debug|Any CPU
		{8C4B69D2-A971-49D5-9D85-1C330EB55FA7}.Debug|Any CPU.Build.0 = Debug|Any CPU
		{8C4B69D2-A971-49D5-9D85-1C330EB55FA7}.Release|Any CPU.ActiveCfg = Release|Any CPU
		{8C4B69D2-A971-49D5-9D85-1C330EB55FA7}.Release|Any CPU.Build.0 = Release|Any CPU
		{E279C9E9-665C-4D5F-948E-4280255B1743}.Debug|Any CPU.ActiveCfg = Debug|Any CPU
		{E279C9E9-665C-4D5F-948E-4280255B1743}.Debug|Any CPU.Build.0 = Debug|Any CPU
		{E279C9E9-665C-4D5F-948E-4280255B1743}.Release|Any CPU.ActiveCfg = Release|Any CPU
		{E279C9E9-665C-4D5F-948E-4280255B1743}.Release|Any CPU.Build.0 = Release|Any CPU
		{2F9B5F81-D26A-4060-A147-DC7C31A273F0}.Debug|Any CPU.ActiveCfg = Debug|Any CPU
		{2F9B5F81-D26A-4060-A147-DC7C31A273F0}.Debug|Any CPU.Build.0 = Debug|Any CPU
		{2F9B5F81-D26A-4060-A147-DC7C31A273F0}.Release|Any CPU.ActiveCfg = Release|Any CPU
		{2F9B5F81-D26A-4060-A147-DC7C31A273F0}.Release|Any CPU.Build.0 = Release|Any CPU
	EndGlobalSection
	GlobalSection(SolutionProperties) = preSolution
		HideSolutionNode = FALSE
	EndGlobalSection
	GlobalSection(ExtensibilityGlobals) = postSolution
		SolutionGuid = {4E2960E0-491F-4510-81EA-79625E0006DB}
	EndGlobalSection
EndGlobal
